
Microsoft Visual Studio Solution File, Format Version 12.00
# Visual Studio Version 16
VisualStudioVersion = 16.0.30309.148
MinimumVisualStudioVersion = 10.0.40219.1
Project("{FAE04EC0-301F-11D3-BF4B-00C04F79EFBC}") = "mobileapplication", "mobileapplication.csproj", "{A55FFD1F-AA90-4ED9-AEF0-2E94EB1432CF}"
EndProject
Global
	GlobalSection(SolutionConfigurationPlatforms) = preSolution
		Debug|Any CPU = Debug|Any CPU
		Release|Any CPU = Release|Any CPU
	EndGlobalSection
	GlobalSection(ProjectConfigurationPlatforms) = postSolution
		{A55FFD1F-AA90-4ED9-AEF0-2E94EB1432CF}.Debug|Any CPU.ActiveCfg = Debug|Any CPU
		{A55FFD1F-AA90-4ED9-AEF0-2E94EB1432CF}.Debug|Any CPU.Build.0 = Debug|Any CPU
		{A55FFD1F-AA90-4ED9-AEF0-2E94EB1432CF}.Release|Any CPU.ActiveCfg = Release|Any CPU
		{A55FFD1F-AA90-4ED9-AEF0-2E94EB1432CF}.Release|Any CPU.Build.0 = Release|Any CPU
	EndGlobalSection
	GlobalSection(SolutionProperties) = preSolution
		HideSolutionNode = FALSE
	EndGlobalSection
	GlobalSection(ExtensibilityGlobals) = postSolution
		SolutionGuid = {33FDCFF8-B500-4C8E-A2EF-518833CCEA6A}
	EndGlobalSection
EndGlobal
